
Microsoft Visual Studio Solution File, Format Version 12.00
Project("{2150E333-8FDC-42A3-9474-1A3956D46DE8}") = "src", "src", "{DB660FA3-0E72-43E1-95D1-E1318752339C}"
EndProject
Project("{2150E333-8FDC-42A3-9474-1A3956D46DE8}") = "Core", "Core", "{262D170E-8ED5-425A-9C0A-71C71BAD6905}"
EndProject
Project("{2150E333-8FDC-42A3-9474-1A3956D46DE8}") = "Infrastructure", "Infrastructure", "{34709AAA-6896-4DF8-993D-5ED3BDB6297B}"
EndProject
Project("{2150E333-8FDC-42A3-9474-1A3956D46DE8}") = "Presentation", "Presentation", "{A5A4E7AE-AE29-4CF3-AD21-F3A25721EFD5}"
EndProject
Project("{FAE04EC0-301F-11D3-BF4B-00C04F79EFBC}") = "Application", "Application\Application.csproj", "{4C868D7F-0BD6-4A04-9342-E85742008792}"
EndProject
Project("{FAE04EC0-301F-11D3-BF4B-00C04F79EFBC}") = "Domain", "Domain\Domain.csproj", "{ADF6DF2F-C84A-4A41-BE87-9E33AF5EA7CE}"
EndProject
Project("{FAE04EC0-301F-11D3-BF4B-00C04F79EFBC}") = "Persistence", "Persistence\Persistence.csproj", "{B2BE127A-940D-430E-901F-75E946AB86FC}"
EndProject
Project("{FAE04EC0-301F-11D3-BF4B-00C04F79EFBC}") = "WebAPI", "WebAPI\WebAPI.csproj", "{BE8D262F-0E84-4E02-9D32-406FD87D0073}"
EndProject
Project("{FAE04EC0-301F-11D3-BF4B-00C04F79EFBC}") = "Shared", "Shared\Shared.csproj", "{F83CB9CE-C064-4E80-84A3-8E87D3FFDEAB}"
EndProject
Global
	GlobalSection(SolutionConfigurationPlatforms) = preSolution
		Debug|Any CPU = Debug|Any CPU
		Release|Any CPU = Release|Any CPU
	EndGlobalSection
	GlobalSection(NestedProjects) = preSolution
		{262D170E-8ED5-425A-9C0A-71C71BAD6905} = {DB660FA3-0E72-43E1-95D1-E1318752339C}
		{34709AAA-6896-4DF8-993D-5ED3BDB6297B} = {DB660FA3-0E72-43E1-95D1-E1318752339C}
		{A5A4E7AE-AE29-4CF3-AD21-F3A25721EFD5} = {DB660FA3-0E72-43E1-95D1-E1318752339C}
		{4C868D7F-0BD6-4A04-9342-E85742008792} = {262D170E-8ED5-425A-9C0A-71C71BAD6905}
		{ADF6DF2F-C84A-4A41-BE87-9E33AF5EA7CE} = {262D170E-8ED5-425A-9C0A-71C71BAD6905}
		{B2BE127A-940D-430E-901F-75E946AB86FC} = {34709AAA-6896-4DF8-993D-5ED3BDB6297B}
		{BE8D262F-0E84-4E02-9D32-406FD87D0073} = {A5A4E7AE-AE29-4CF3-AD21-F3A25721EFD5}
		{F83CB9CE-C064-4E80-84A3-8E87D3FFDEAB} = {34709AAA-6896-4DF8-993D-5ED3BDB6297B}
	EndGlobalSection
	GlobalSection(ProjectConfigurationPlatforms) = postSolution
		{4C868D7F-0BD6-4A04-9342-E85742008792}.Debug|Any CPU.ActiveCfg = Debug|Any CPU
		{4C868D7F-0BD6-4A04-9342-E85742008792}.Debug|Any CPU.Build.0 = Debug|Any CPU
		{4C868D7F-0BD6-4A04-9342-E85742008792}.Release|Any CPU.ActiveCfg = Release|Any CPU
		{4C868D7F-0BD6-4A04-9342-E85742008792}.Release|Any CPU.Build.0 = Release|Any CPU
		{ADF6DF2F-C84A-4A41-BE87-9E33AF5EA7CE}.Debug|Any CPU.ActiveCfg = Debug|Any CPU
		{ADF6DF2F-C84A-4A41-BE87-9E33AF5EA7CE}.Debug|Any CPU.Build.0 = Debug|Any CPU
		{ADF6DF2F-C84A-4A41-BE87-9E33AF5EA7CE}.Release|Any CPU.ActiveCfg = Release|Any CPU
		{ADF6DF2F-C84A-4A41-BE87-9E33AF5EA7CE}.Release|Any CPU.Build.0 = Release|Any CPU
		{B2BE127A-940D-430E-901F-75E946AB86FC}.Debug|Any CPU.ActiveCfg = Debug|Any CPU
		{B2BE127A-940D-430E-901F-75E946AB86FC}.Debug|Any CPU.Build.0 = Debug|Any CPU
		{B2BE127A-940D-430E-901F-75E946AB86FC}.Release|Any CPU.ActiveCfg = Release|Any CPU
		{B2BE127A-940D-430E-901F-75E946AB86FC}.Release|Any CPU.Build.0 = Release|Any CPU
		{BE8D262F-0E84-4E02-9D32-406FD87D0073}.Debug|Any CPU.ActiveCfg = Debug|Any CPU
		{BE8D262F-0E84-4E02-9D32-406FD87D0073}.Debug|Any CPU.Build.0 = Debug|Any CPU
		{BE8D262F-0E84-4E02-9D32-406FD87D0073}.Release|Any CPU.ActiveCfg = Release|Any CPU
		{BE8D262F-0E84-4E02-9D32-406FD87D0073}.Release|Any CPU.Build.0 = Release|Any CPU
		{F83CB9CE-C064-4E80-84A3-8E87D3FFDEAB}.Debug|Any CPU.ActiveCfg = Debug|Any CPU
		{F83CB9CE-C064-4E80-84A3-8E87D3FFDEAB}.Debug|Any CPU.Build.0 = Debug|Any CPU
		{F83CB9CE-C064-4E80-84A3-8E87D3FFDEAB}.Release|Any CPU.ActiveCfg = Release|Any CPU
		{F83CB9CE-C064-4E80-84A3-8E87D3FFDEAB}.Release|Any CPU.Build.0 = Release|Any CPU
	EndGlobalSection
EndGlobal
